{
  "version": 4,
  "terraform_version": "1.2.6",
  "serial": 4,
  "lineage": "b4fb2f70-2802-e88b-fa44-1972118ae924",
  "outputs": {},
  "resources": [
    {
      "module": "module.clf-azure-setup-terraform",
      "mode": "managed",
      "type": "azurerm_resource_group",
      "name": "main",
      "provider": "module.clf-azure-setup-terraform.provider[\"registry.terraform.io/hashicorp/azurerm\"]",
      "instances": [
        {
          "schema_version": 0,
          "attributes": {
            "id": "/subscriptions/fa20c111-7584-474b-9419-b69723166ffd/resourceGroups/lancrypt-ws-tfstate",
            "location": "westeurope",
            "name": "lancrypt-ws-tfstate",
            "tags": null,
            "timeouts": null
          },
          "sensitive_attributes": [],
          "private": "eyJlMmJmYjczMC1lY2FhLTExZTYtOGY4OC0zNDM2M2JjN2M0YzAiOnsiY3JlYXRlIjo1NDAwMDAwMDAwMDAwLCJkZWxldGUiOjU0MDAwMDAwMDAwMDAsInJlYWQiOjMwMDAwMDAwMDAwMCwidXBkYXRlIjo1NDAwMDAwMDAwMDAwfX0="
        }
      ]
    },
    {
      "module": "module.clf-azure-setup-terraform",
      "mode": "managed",
      "type": "azurerm_storage_account",
      "name": "main",
      "provider": "module.clf-azure-setup-terraform.provider[\"registry.terraform.io/hashicorp/azurerm\"]",
      "instances": [
        {
          "schema_version": 3,
          "attributes": {
            "access_tier": "Hot",
            "account_kind": "StorageV2",
            "account_replication_type": "LRS",
            "account_tier": "Standard",
            "allow_nested_items_to_be_public": false,
            "azure_files_authentication": [],
            "blob_properties": [
              {
                "change_feed_enabled": true,
                "change_feed_retention_in_days": 0,
                "container_delete_retention_policy": [
                  {
                    "days": 30
                  }
                ],
                "cors_rule": [],
                "default_service_version": "",
                "delete_retention_policy": [
                  {
                    "days": 30
                  }
                ],
                "last_access_time_enabled": false,
                "versioning_enabled": true
              }
            ],
            "cross_tenant_replication_enabled": true,
            "custom_domain": [],
            "customer_managed_key": [],
            "edge_zone": "",
            "enable_https_traffic_only": true,
            "id": "/subscriptions/fa20c111-7584-474b-9419-b69723166ffd/resourceGroups/lancrypt-ws-tfstate/providers/Microsoft.Storage/storageAccounts/lancryptwstfstate",
            "identity": [],
            "infrastructure_encryption_enabled": false,
            "is_hns_enabled": false,
            "large_file_share_enabled": null,
            "location": "westeurope",
            "min_tls_version": "TLS1_2",
            "name": "lancryptwstfstate",
            "network_rules": [
              {
                "bypass": [
                  "AzureServices"
                ],
                "default_action": "Allow",
                "ip_rules": [],
                "private_link_access": [],
                "virtual_network_subnet_ids": []
              }
            ],
            "nfsv3_enabled": false,
            "primary_access_key": "PR//yMFIsfoWYabggXA6tqYA83nmi/yNIgpvbEu5ydVb2JqRfdyP8bFQ4HulDzibyYqN/RWn4Nf/+AStmJFeOw==",
            "primary_blob_connection_string": "DefaultEndpointsProtocol=https;BlobEndpoint=https://lancryptwstfstate.blob.core.windows.net/;AccountName=lancryptwstfstate;AccountKey=PR//yMFIsfoWYabggXA6tqYA83nmi/yNIgpvbEu5ydVb2JqRfdyP8bFQ4HulDzibyYqN/RWn4Nf/+AStmJFeOw==",
            "primary_blob_endpoint": "https://lancryptwstfstate.blob.core.windows.net/",
            "primary_blob_host": "lancryptwstfstate.blob.core.windows.net",
            "primary_connection_string": "DefaultEndpointsProtocol=https;AccountName=lancryptwstfstate;AccountKey=PR//yMFIsfoWYabggXA6tqYA83nmi/yNIgpvbEu5ydVb2JqRfdyP8bFQ4HulDzibyYqN/RWn4Nf/+AStmJFeOw==;EndpointSuffix=core.windows.net",
            "primary_dfs_endpoint": "https://lancryptwstfstate.dfs.core.windows.net/",
            "primary_dfs_host": "lancryptwstfstate.dfs.core.windows.net",
            "primary_file_endpoint": "https://lancryptwstfstate.file.core.windows.net/",
            "primary_file_host": "lancryptwstfstate.file.core.windows.net",
            "primary_location": "westeurope",
            "primary_queue_endpoint": "https://lancryptwstfstate.queue.core.windows.net/",
            "primary_queue_host": "lancryptwstfstate.queue.core.windows.net",
            "primary_table_endpoint": "https://lancryptwstfstate.table.core.windows.net/",
            "primary_table_host": "lancryptwstfstate.table.core.windows.net",
            "primary_web_endpoint": "https://lancryptwstfstate.z6.web.core.windows.net/",
            "primary_web_host": "lancryptwstfstate.z6.web.core.windows.net",
            "queue_encryption_key_type": "Service",
            "queue_properties": [
              {
                "cors_rule": [],
                "hour_metrics": [
                  {
                    "enabled": true,
                    "include_apis": true,
                    "retention_policy_days": 7,
                    "version": "1.0"
                  }
                ],
                "logging": [
                  {
                    "delete": false,
                    "read": false,
                    "retention_policy_days": 0,
                    "version": "1.0",
                    "write": false
                  }
                ],
                "minute_metrics": [
                  {
                    "enabled": false,
                    "include_apis": false,
                    "retention_policy_days": 0,
                    "version": "1.0"
                  }
                ]
              }
            ],
            "resource_group_name": "lancrypt-ws-tfstate",
            "routing": [],
            "secondary_access_key": "t0Ej+WHfnn6ZfPkXKHMA4X+2X4iVqACV0Dp5K61ttMNG474J7S0MdmiPV+Yz8dUC1Mp+bXf8nsTC+AStRtFcGw==",
            "secondary_blob_connection_string": "",
            "secondary_blob_endpoint": null,
            "secondary_blob_host": null,
            "secondary_connection_string": "DefaultEndpointsProtocol=https;AccountName=lancryptwstfstate;AccountKey=t0Ej+WHfnn6ZfPkXKHMA4X+2X4iVqACV0Dp5K61ttMNG474J7S0MdmiPV+Yz8dUC1Mp+bXf8nsTC+AStRtFcGw==;EndpointSuffix=core.windows.net",
            "secondary_dfs_endpoint": null,
            "secondary_dfs_host": null,
            "secondary_file_endpoint": null,
            "secondary_file_host": null,
            "secondary_location": "",
            "secondary_queue_endpoint": null,
            "secondary_queue_host": null,
            "secondary_table_endpoint": null,
            "secondary_table_host": null,
            "secondary_web_endpoint": null,
            "secondary_web_host": null,
            "share_properties": [
              {
                "cors_rule": [],
                "retention_policy": [
                  {
                    "days": 7
                  }
                ],
                "smb": []
              }
            ],
            "shared_access_key_enabled": true,
            "static_website": [],
            "table_encryption_key_type": "Service",
            "tags": null,
            "timeouts": null
          },
          "sensitive_attributes": [],
          "private": "eyJlMmJmYjczMC1lY2FhLTExZTYtOGY4OC0zNDM2M2JjN2M0YzAiOnsiY3JlYXRlIjozNjAwMDAwMDAwMDAwLCJkZWxldGUiOjM2MDAwMDAwMDAwMDAsInJlYWQiOjMwMDAwMDAwMDAwMCwidXBkYXRlIjozNjAwMDAwMDAwMDAwfSwic2NoZW1hX3ZlcnNpb24iOiIzIn0=",
          "dependencies": [
            "module.clf-azure-setup-terraform.azurerm_resource_group.main"
          ]
        }
      ]
    },
    {
      "module": "module.clf-azure-setup-terraform",
      "mode": "managed",
      "type": "azurerm_storage_container",
      "name": "main",
      "provider": "module.clf-azure-setup-terraform.provider[\"registry.terraform.io/hashicorp/azurerm\"]",
      "instances": [
        {
          "schema_version": 1,
          "attributes": {
            "container_access_type": "private",
            "has_immutability_policy": false,
            "has_legal_hold": false,
            "id": "https://lancryptwstfstate.blob.core.windows.net/tfstate",
            "metadata": {},
            "name": "tfstate",
            "resource_manager_id": "/subscriptions/fa20c111-7584-474b-9419-b69723166ffd/resourceGroups/lancrypt-ws-tfstate/providers/Microsoft.Storage/storageAccounts/lancryptwstfstate/blobServices/default/containers/tfstate",
            "storage_account_name": "lancryptwstfstate",
            "timeouts": null
          },
          "sensitive_attributes": [],
          "private": "eyJlMmJmYjczMC1lY2FhLTExZTYtOGY4OC0zNDM2M2JjN2M0YzAiOnsiY3JlYXRlIjoxODAwMDAwMDAwMDAwLCJkZWxldGUiOjE4MDAwMDAwMDAwMDAsInJlYWQiOjMwMDAwMDAwMDAwMCwidXBkYXRlIjoxODAwMDAwMDAwMDAwfSwic2NoZW1hX3ZlcnNpb24iOiIxIn0=",
          "dependencies": [
            "module.clf-azure-setup-terraform.azurerm_resource_group.main",
            "module.clf-azure-setup-terraform.azurerm_storage_account.main"
          ]
        }
      ]
    }
  ]
}
